
Microsoft Visual Studio Solution File, Format Version 12.00
# Visual Studio Version 17
VisualStudioVersion = 17.8.34330.188
MinimumVisualStudioVersion = 10.0.40219.1
Project("{FAE04EC0-301F-11D3-BF4B-00C04F79EFBC}") = "PostSeguridadPersonalizada", "PostSeguridadPersonalizada\PostSeguridadPersonalizada.csproj", "{09E20EE6-EB8A-4797-AE26-2A11772A9BF1}"
EndProject
Global
	GlobalSection(SolutionConfigurationPlatforms) = preSolution
		Debug|Any CPU = Debug|Any CPU
		Release|Any CPU = Release|Any CPU
	EndGlobalSection
	GlobalSection(ProjectConfigurationPlatforms) = postSolution
		{09E20EE6-EB8A-4797-AE26-2A11772A9BF1}.Debug|Any CPU.ActiveCfg = Debug|Any CPU
		{09E20EE6-EB8A-4797-AE26-2A11772A9BF1}.Debug|Any CPU.Build.0 = Debug|Any CPU
		{09E20EE6-EB8A-4797-AE26-2A11772A9BF1}.Release|Any CPU.ActiveCfg = Release|Any CPU
		{09E20EE6-EB8A-4797-AE26-2A11772A9BF1}.Release|Any CPU.Build.0 = Release|Any CPU
	EndGlobalSection
	GlobalSection(SolutionProperties) = preSolution
		HideSolutionNode = FALSE
	EndGlobalSection
	GlobalSection(ExtensibilityGlobals) = postSolution
		SolutionGuid = {351F8B2B-7CB9-46FF-B90A-C1E7EF2F9EB6}
	EndGlobalSection
EndGlobal
